{
  "nodes": {
    "nixpkgs": {
      "locked": {
        "lastModified": 1677606303,
        "narHash": "sha256-EsbylyYpaZs+xP9VCBRAxoqJJdsFyt8j3L/95zq3b/Y=",
        "owner": "NixOs",
        "repo": "nixpkgs",
        "rev": "36acdebd042ee2eee952bb79816095168495ead5",
        "type": "github"
      },
      "original": {
        "owner": "NixOs",
        "repo": "nixpkgs",
        "type": "github"
      }
    },
    "root": {
      "inputs": {
        "nixpkgs": "nixpkgs"
      }
    }
  },
  "root": "root",
  "version": 7
}
