{
  "nodes": {
    "nixpkgs": {
      "locked": {
        "lastModified": 1677972617,
        "narHash": "sha256-LMOTD/yOWhvXUE0jESfKp9ixHakkfA1MEgqmk7H9+Ao=",
        "owner": "NixOs",
        "repo": "nixpkgs",
        "rev": "b8ee5476bb8b7565798938e1fd71a28a28b9b321",
        "type": "github"
      },
      "original": {
        "owner": "NixOs",
        "repo": "nixpkgs",
        "type": "github"
      }
    },
    "root": {
      "inputs": {
        "nixpkgs": "nixpkgs"
      }
    }
  },
  "root": "root",
  "version": 7
}
